
Microsoft Visual Studio Solution File, Format Version 12.00
# Visual Studio Version 17
VisualStudioVersion = 17.3.32922.545
MinimumVisualStudioVersion = 10.0.40219.1
Project("{9A19103F-16F7-4668-BE54-9A1E7A4F7556}") = "BackgroundWorkers", "BackgroundWorkers\BackgroundWorkers.csproj", "{81ACF166-DDD2-4F09-9005-4680883FE81C}"
EndProject
Project("{FAE04EC0-301F-11D3-BF4B-00C04F79EFBC}") = "ThirdParty", "ThirdParty\ThirdParty.csproj", "{6E24BD21-CA78-461F-BC5C-5B090D771FB1}"
EndProject
Global
	GlobalSection(SolutionConfigurationPlatforms) = preSolution
		Debug|Any CPU = Debug|Any CPU
		Release|Any CPU = Release|Any CPU
	EndGlobalSection
	GlobalSection(ProjectConfigurationPlatforms) = postSolution
		{81ACF166-DDD2-4F09-9005-4680883FE81C}.Debug|Any CPU.ActiveCfg = Debug|Any CPU
		{81ACF166-DDD2-4F09-9005-4680883FE81C}.Debug|Any CPU.Build.0 = Debug|Any CPU
		{81ACF166-DDD2-4F09-9005-4680883FE81C}.Release|Any CPU.ActiveCfg = Release|Any CPU
		{81ACF166-DDD2-4F09-9005-4680883FE81C}.Release|Any CPU.Build.0 = Release|Any CPU
		{6E24BD21-CA78-461F-BC5C-5B090D771FB1}.Debug|Any CPU.ActiveCfg = Debug|Any CPU
		{6E24BD21-CA78-461F-BC5C-5B090D771FB1}.Debug|Any CPU.Build.0 = Debug|Any CPU
		{6E24BD21-CA78-461F-BC5C-5B090D771FB1}.Release|Any CPU.ActiveCfg = Release|Any CPU
		{6E24BD21-CA78-461F-BC5C-5B090D771FB1}.Release|Any CPU.Build.0 = Release|Any CPU
	EndGlobalSection
	GlobalSection(SolutionProperties) = preSolution
		HideSolutionNode = FALSE
	EndGlobalSection
	GlobalSection(ExtensibilityGlobals) = postSolution
		SolutionGuid = {8260B323-B616-4E8A-830A-3EBC2C78EEA0}
	EndGlobalSection
EndGlobal
